PODS:
  - Alamofire (4.9.1)
  - Moya (13.0.1):
    - Moya/Core (= 13.0.1)
  - Moya/Core (13.0.1):
    - Alamofire (~> 4.1)
    - Result (~> 4.1)
  - ObjectMapper (3.5.1)
  - Result (4.1.0)
  - RxSwift (5.0.1)

DEPENDENCIES:
  - Moya
  - ObjectMapper
  - RxSwift

SPEC REPOS:
  trunk:
    - Alamofire
    - Moya
    - ObjectMapper
    - Result
    - RxSwift

SPEC CHECKSUMS:
  Alamofire: 85e8a02c69d6020a0d734f6054870d7ecb75cf18
  Moya: f4a4b80ff2f8a4ffc208dfb31cd91636622fee6e
  ObjectMapper: 70187b8941977c62ccfb423caf6b50be405cabf0
  Result: bd966fac789cc6c1563440b348ab2598cc24d5c7
  RxSwift: e2dc62b366a3adf6a0be44ba9f405efd4c94e0c4

PODFILE CHECKSUM: f5d95ff081f0a3dc76f79c74ab04b7530bc17e1d

COCOAPODS: 1.9.0.beta.2
